
Microsoft Visual Studio Solution File, Format Version 12.00
# Visual Studio 15
VisualStudioVersion = 15.0.27703.2026
MinimumVisualStudioVersion = 10.0.40219.1
Project("{FAE04EC0-301F-11D3-BF4B-00C04F79EFBC}") = "Faker", "Faker\Faker.csproj", "{D89389B0-49E1-41B3-BE59-6F73C879A406}"
EndProject
Project("{2150E333-8FDC-42A3-9474-1A3956D46DE8}") = "SolutionItems", "SolutionItems", "{EC07DD11-283C-474A-8D6B-67E42C6F15EC}"
	ProjectSection(SolutionItems) = preProject
		.editorconfig = .editorconfig
		..\LICENSE = ..\LICENSE
	EndProjectSection
EndProject
Project("{FAE04EC0-301F-11D3-BF4B-00C04F79EFBC}") = "Faker.Tests", "Faker.Tests\Faker.Tests.csproj", "{15A173FA-3799-4790-A9E0-B8E31A385633}"
EndProject
Global
	GlobalSection(SolutionConfigurationPlatforms) = preSolution
		Debug|Any CPU = Debug|Any CPU
		Release|Any CPU = Release|Any CPU
	EndGlobalSection
	GlobalSection(ProjectConfigurationPlatforms) = postSolution
		{D89389B0-49E1-41B3-BE59-6F73C879A406}.Debug|Any CPU.ActiveCfg = Debug|Any CPU
		{D89389B0-49E1-41B3-BE59-6F73C879A406}.Debug|Any CPU.Build.0 = Debug|Any CPU
		{D89389B0-49E1-41B3-BE59-6F73C879A406}.Release|Any CPU.ActiveCfg = Release|Any CPU
		{D89389B0-49E1-41B3-BE59-6F73C879A406}.Release|Any CPU.Build.0 = Release|Any CPU
		{15A173FA-3799-4790-A9E0-B8E31A385633}.Debug|Any CPU.ActiveCfg = Debug|Any CPU
		{15A173FA-3799-4790-A9E0-B8E31A385633}.Debug|Any CPU.Build.0 = Debug|Any CPU
		{15A173FA-3799-4790-A9E0-B8E31A385633}.Release|Any CPU.ActiveCfg = Release|Any CPU
		{15A173FA-3799-4790-A9E0-B8E31A385633}.Release|Any CPU.Build.0 = Release|Any CPU
	EndGlobalSection
	GlobalSection(SolutionProperties) = preSolution
		HideSolutionNode = FALSE
	EndGlobalSection
	GlobalSection(ExtensibilityGlobals) = postSolution
		SolutionGuid = {DD8C32E0-A38C-4C4B-88A7-886457135377}
	EndGlobalSection
EndGlobal
